
Microsoft Visual Studio Solution File, Format Version 12.00
# Visual Studio Version 16
VisualStudioVersion = 16.0.32413.511
MinimumVisualStudioVersion = 10.0.40219.1
Project("{9A19103F-16F7-4668-BE54-9A1E7A4F7556}") = "avaweb", "188229_avaweb\avaweb.csproj", "{4EFE6EB8-2AD4-413A-99F3-5C36FA1563E0}"
EndProject
Global
	GlobalSection(SolutionConfigurationPlatforms) = preSolution
		Debug|Any CPU = Debug|Any CPU
		Release|Any CPU = Release|Any CPU
	EndGlobalSection
	GlobalSection(ProjectConfigurationPlatforms) = postSolution
		{4EFE6EB8-2AD4-413A-99F3-5C36FA1563E0}.Debug|Any CPU.ActiveCfg = Debug|Any CPU
		{4EFE6EB8-2AD4-413A-99F3-5C36FA1563E0}.Debug|Any CPU.Build.0 = Debug|Any CPU
		{4EFE6EB8-2AD4-413A-99F3-5C36FA1563E0}.Release|Any CPU.ActiveCfg = Release|Any CPU
		{4EFE6EB8-2AD4-413A-99F3-5C36FA1563E0}.Release|Any CPU.Build.0 = Release|Any CPU
	EndGlobalSection
	GlobalSection(SolutionProperties) = preSolution
		HideSolutionNode = FALSE
	EndGlobalSection
	GlobalSection(ExtensibilityGlobals) = postSolution
		SolutionGuid = {F2C65B36-B125-4D39-AD74-7BED0D9B3526}
	EndGlobalSection
EndGlobal
